
Microsoft Visual Studio Solution File, Format Version 10.00
# Visual Studio 2008
Project("{FAE04EC0-301F-11D3-BF4B-00C04F79EFBC}") = "CombatLibrary", "CombatLibrary\CombatLibrary.csproj", "{A28D91E3-377C-4537-A495-D5954F5BA6E1}"
EndProject
Project("{2150E333-8FDC-42A3-9474-1A3956D46DE8}") = "1_Combat", "1_Combat", "{D0C56679-F458-4B31-A95C-C537A32A0D5D}"
EndProject
Project("{FAE04EC0-301F-11D3-BF4B-00C04F79EFBC}") = "CombatLibraryTest", "CombatLibraryTest\CombatLibraryTest.csproj", "{7EDB0E50-FF07-4A5F-B7B2-C3D69531AAD4}"
EndProject
Project("{2150E333-8FDC-42A3-9474-1A3956D46DE8}") = "0_Foundation", "0_Foundation", "{75B57893-8BCB-4F04-BD36-F88C1C368BC4}"
EndProject
Project("{FAE04EC0-301F-11D3-BF4B-00C04F79EFBC}") = "Foundation", "Foundation\Foundation.csproj", "{D310D9DD-6B3B-47D0-820A-A0C482F603D6}"
EndProject
Project("{FAE04EC0-301F-11D3-BF4B-00C04F79EFBC}") = "FoundationTest", "FoundationTest\FoundationTest.csproj", "{CA463F3B-5F66-4E22-9788-09ACDE888B4B}"
EndProject
Project("{2150E333-8FDC-42A3-9474-1A3956D46DE8}") = "3_Console", "3_Console", "{1AE60456-8954-4AC8-9DA8-A4ABB2380EC6}"
EndProject
Project("{FAE04EC0-301F-11D3-BF4B-00C04F79EFBC}") = "RPGConsole", "RPGConsole\RPGConsole.csproj", "{7808DBDA-3FFF-4AAC-88CF-6CE2F7EEA7FA}"
EndProject
Project("{2150E333-8FDC-42A3-9474-1A3956D46DE8}") = "2_HeirToTheEmpire", "2_HeirToTheEmpire", "{BFEF6886-A8A5-47B7-8FB9-45DC0CFA8395}"
EndProject
Project("{FAE04EC0-301F-11D3-BF4B-00C04F79EFBC}") = "HeirCombat", "HeirCombat\HeirCombat.csproj", "{A1236299-57C0-4D7C-BBF6-CB913DCC62EE}"
EndProject
Project("{2150E333-8FDC-42A3-9474-1A3956D46DE8}") = "4_WpfClient", "4_WpfClient", "{2BE8664A-39F5-4C65-B8B4-D16148AC26B5}"
EndProject
Project("{FAE04EC0-301F-11D3-BF4B-00C04F79EFBC}") = "WpfRPGShell", "WpfRPGShell\WpfRPGShell.csproj", "{2EC32F2C-35DF-4999-ADC6-E6D8CD8EFB05}"
EndProject
Project("{FAE04EC0-301F-11D3-BF4B-00C04F79EFBC}") = "WpfCombat", "WpfCombat\WpfCombat.csproj", "{D41E35F0-0A3A-45CE-86CD-685E051EE609}"
EndProject
Project("{FAE04EC0-301F-11D3-BF4B-00C04F79EFBC}") = "WpfFoundation", "WpfFoundation\WpfFoundation.csproj", "{40B6C568-0C33-4195-BF11-097623B531F9}"
EndProject
Global
	GlobalSection(TestCaseManagementSettings) = postSolution
		CategoryFile = RPG.vsmdi
	EndGlobalSection
	GlobalSection(SolutionConfigurationPlatforms) = preSolution
		Debug|Any CPU = Debug|Any CPU
		Release|Any CPU = Release|Any CPU
	EndGlobalSection
	GlobalSection(ProjectConfigurationPlatforms) = postSolution
		{A28D91E3-377C-4537-A495-D5954F5BA6E1}.Debug|Any CPU.ActiveCfg = Debug|Any CPU
		{A28D91E3-377C-4537-A495-D5954F5BA6E1}.Debug|Any CPU.Build.0 = Debug|Any CPU
		{A28D91E3-377C-4537-A495-D5954F5BA6E1}.Release|Any CPU.ActiveCfg = Release|Any CPU
		{A28D91E3-377C-4537-A495-D5954F5BA6E1}.Release|Any CPU.Build.0 = Release|Any CPU
		{7EDB0E50-FF07-4A5F-B7B2-C3D69531AAD4}.Debug|Any CPU.ActiveCfg = Debug|Any CPU
		{7EDB0E50-FF07-4A5F-B7B2-C3D69531AAD4}.Debug|Any CPU.Build.0 = Debug|Any CPU
		{7EDB0E50-FF07-4A5F-B7B2-C3D69531AAD4}.Release|Any CPU.ActiveCfg = Release|Any CPU
		{7EDB0E50-FF07-4A5F-B7B2-C3D69531AAD4}.Release|Any CPU.Build.0 = Release|Any CPU
		{D310D9DD-6B3B-47D0-820A-A0C482F603D6}.Debug|Any CPU.ActiveCfg = Debug|Any CPU
		{D310D9DD-6B3B-47D0-820A-A0C482F603D6}.Debug|Any CPU.Build.0 = Debug|Any CPU
		{D310D9DD-6B3B-47D0-820A-A0C482F603D6}.Release|Any CPU.ActiveCfg = Release|Any CPU
		{D310D9DD-6B3B-47D0-820A-A0C482F603D6}.Release|Any CPU.Build.0 = Release|Any CPU
		{CA463F3B-5F66-4E22-9788-09ACDE888B4B}.Debug|Any CPU.ActiveCfg = Debug|Any CPU
		{CA463F3B-5F66-4E22-9788-09ACDE888B4B}.Debug|Any CPU.Build.0 = Debug|Any CPU
		{CA463F3B-5F66-4E22-9788-09ACDE888B4B}.Release|Any CPU.ActiveCfg = Release|Any CPU
		{CA463F3B-5F66-4E22-9788-09ACDE888B4B}.Release|Any CPU.Build.0 = Release|Any CPU
		{7808DBDA-3FFF-4AAC-88CF-6CE2F7EEA7FA}.Debug|Any CPU.ActiveCfg = Debug|Any CPU
		{7808DBDA-3FFF-4AAC-88CF-6CE2F7EEA7FA}.Debug|Any CPU.Build.0 = Debug|Any CPU
		{7808DBDA-3FFF-4AAC-88CF-6CE2F7EEA7FA}.Release|Any CPU.ActiveCfg = Release|Any CPU
		{7808DBDA-3FFF-4AAC-88CF-6CE2F7EEA7FA}.Release|Any CPU.Build.0 = Release|Any CPU
		{A1236299-57C0-4D7C-BBF6-CB913DCC62EE}.Debug|Any CPU.ActiveCfg = Debug|Any CPU
		{A1236299-57C0-4D7C-BBF6-CB913DCC62EE}.Debug|Any CPU.Build.0 = Debug|Any CPU
		{A1236299-57C0-4D7C-BBF6-CB913DCC62EE}.Release|Any CPU.ActiveCfg = Release|Any CPU
		{A1236299-57C0-4D7C-BBF6-CB913DCC62EE}.Release|Any CPU.Build.0 = Release|Any CPU
		{2EC32F2C-35DF-4999-ADC6-E6D8CD8EFB05}.Debug|Any CPU.ActiveCfg = Debug|Any CPU
		{2EC32F2C-35DF-4999-ADC6-E6D8CD8EFB05}.Debug|Any CPU.Build.0 = Debug|Any CPU
		{2EC32F2C-35DF-4999-ADC6-E6D8CD8EFB05}.Release|Any CPU.ActiveCfg = Release|Any CPU
		{2EC32F2C-35DF-4999-ADC6-E6D8CD8EFB05}.Release|Any CPU.Build.0 = Release|Any CPU
		{D41E35F0-0A3A-45CE-86CD-685E051EE609}.Debug|Any CPU.ActiveCfg = Debug|Any CPU
		{D41E35F0-0A3A-45CE-86CD-685E051EE609}.Debug|Any CPU.Build.0 = Debug|Any CPU
		{D41E35F0-0A3A-45CE-86CD-685E051EE609}.Release|Any CPU.ActiveCfg = Release|Any CPU
		{D41E35F0-0A3A-45CE-86CD-685E051EE609}.Release|Any CPU.Build.0 = Release|Any CPU
		{40B6C568-0C33-4195-BF11-097623B531F9}.Debug|Any CPU.ActiveCfg = Debug|Any CPU
		{40B6C568-0C33-4195-BF11-097623B531F9}.Debug|Any CPU.Build.0 = Debug|Any CPU
		{40B6C568-0C33-4195-BF11-097623B531F9}.Release|Any CPU.ActiveCfg = Release|Any CPU
		{40B6C568-0C33-4195-BF11-097623B531F9}.Release|Any CPU.Build.0 = Release|Any CPU
	EndGlobalSection
	GlobalSection(SolutionProperties) = preSolution
		HideSolutionNode = FALSE
	EndGlobalSection
	GlobalSection(NestedProjects) = preSolution
		{A28D91E3-377C-4537-A495-D5954F5BA6E1} = {D0C56679-F458-4B31-A95C-C537A32A0D5D}
		{7EDB0E50-FF07-4A5F-B7B2-C3D69531AAD4} = {D0C56679-F458-4B31-A95C-C537A32A0D5D}
		{D310D9DD-6B3B-47D0-820A-A0C482F603D6} = {75B57893-8BCB-4F04-BD36-F88C1C368BC4}
		{CA463F3B-5F66-4E22-9788-09ACDE888B4B} = {75B57893-8BCB-4F04-BD36-F88C1C368BC4}
		{7808DBDA-3FFF-4AAC-88CF-6CE2F7EEA7FA} = {1AE60456-8954-4AC8-9DA8-A4ABB2380EC6}
		{A1236299-57C0-4D7C-BBF6-CB913DCC62EE} = {BFEF6886-A8A5-47B7-8FB9-45DC0CFA8395}
		{2EC32F2C-35DF-4999-ADC6-E6D8CD8EFB05} = {2BE8664A-39F5-4C65-B8B4-D16148AC26B5}
		{D41E35F0-0A3A-45CE-86CD-685E051EE609} = {2BE8664A-39F5-4C65-B8B4-D16148AC26B5}
		{40B6C568-0C33-4195-BF11-097623B531F9} = {2BE8664A-39F5-4C65-B8B4-D16148AC26B5}
	EndGlobalSection
EndGlobal
